
Microsoft Visual Studio Solution File, Format Version 12.00
# Visual Studio Version 16
VisualStudioVersion = 16.0.31829.152
MinimumVisualStudioVersion = 10.0.40219.1
Project("{9A19103F-16F7-4668-BE54-9A1E7A4F7556}") = "SubscriptionsManager", "SubscriptionsManager\SubscriptionsManager.csproj", "{1F83B7E9-3067-458F-8D82-A06F3E652027}"
EndProject
Project("{FAE04EC0-301F-11D3-BF4B-00C04F79EFBC}") = "SubscriptionsManagerUnitTests", "SubscriptionsManagerUnitTests\SubscriptionsManagerUnitTests.csproj", "{5BB9D3B0-A816-4556-9C40-4740FF6A9B54}"
EndProject
Global
	GlobalSection(SolutionConfigurationPlatforms) = preSolution
		Debug|Any CPU = Debug|Any CPU
		Release|Any CPU = Release|Any CPU
	EndGlobalSection
	GlobalSection(ProjectConfigurationPlatforms) = postSolution
		{1F83B7E9-3067-458F-8D82-A06F3E652027}.Debug|Any CPU.ActiveCfg = Debug|Any CPU
		{1F83B7E9-3067-458F-8D82-A06F3E652027}.Debug|Any CPU.Build.0 = Debug|Any CPU
		{1F83B7E9-3067-458F-8D82-A06F3E652027}.Release|Any CPU.ActiveCfg = Release|Any CPU
		{1F83B7E9-3067-458F-8D82-A06F3E652027}.Release|Any CPU.Build.0 = Release|Any CPU
		{5BB9D3B0-A816-4556-9C40-4740FF6A9B54}.Debug|Any CPU.ActiveCfg = Debug|Any CPU
		{5BB9D3B0-A816-4556-9C40-4740FF6A9B54}.Debug|Any CPU.Build.0 = Debug|Any CPU
		{5BB9D3B0-A816-4556-9C40-4740FF6A9B54}.Release|Any CPU.ActiveCfg = Release|Any CPU
		{5BB9D3B0-A816-4556-9C40-4740FF6A9B54}.Release|Any CPU.Build.0 = Release|Any CPU
	EndGlobalSection
	GlobalSection(SolutionProperties) = preSolution
		HideSolutionNode = FALSE
	EndGlobalSection
	GlobalSection(ExtensibilityGlobals) = postSolution
		SolutionGuid = {39492346-07E1-4EFC-AEE6-EE9B1760B8BC}
	EndGlobalSection
EndGlobal
